{
  "nodes": {
    "home-manager": {
      "inputs": {
        "nixpkgs": [
          "nixpkgs"
        ]
      },
      "locked": {
        "lastModified": 1707175763,
        "narHash": "sha256-0MKHC6tQ4KEuM5rui6DjKZ/VNiSANB4E+DJ/+wPS1PU=",
        "owner": "nix-community",
        "repo": "home-manager",
        "rev": "f99eace7c167b8a6a0871849493b1c613d0f1b80",
        "type": "github"
      },
      "original": {
        "owner": "nix-community",
        "repo": "home-manager",
        "type": "github"
      }
    },
    "kmonad": {
      "inputs": {
        "nixpkgs": "nixpkgs"
      },
      "locked": {
        "dir": "nix",
        "lastModified": 1706983643,
        "narHash": "sha256-dlCQQE4g2HROi+CroNSlwSZfhwU3uFmtnETS97V0SYs=",
        "owner": "kmonad",
        "repo": "kmonad",
        "rev": "e7ea8944d665076a2f3a5c229ae1fd84220c2c82",
        "type": "github"
      },
      "original": {
        "dir": "nix",
        "owner": "kmonad",
        "repo": "kmonad",
        "type": "github"
      }
    },
    "nix-index-database": {
      "inputs": {
        "nixpkgs": [
          "nixpkgs"
        ]
      },
      "locked": {
        "lastModified": 1707016097,
        "narHash": "sha256-V4lHr6hFQ3rK650dh64Xffxsf4kse9vUYWsM+ldjkco=",
        "owner": "Mic92",
        "repo": "nix-index-database",
        "rev": "3e3dad2808379c522138e2e8b0eb73500721a237",
        "type": "github"
      },
      "original": {
        "owner": "Mic92",
        "repo": "nix-index-database",
        "type": "github"
      }
    },
    "nixpkgs": {
      "locked": {
        "lastModified": 1705242415,
        "narHash": "sha256-a8DRYrNrzTudvO7XHUPNJD89Wbf1ZZT0VbwCsPnHWaE=",
        "owner": "NixOS",
        "repo": "nixpkgs",
        "rev": "ea780f3de2d169f982564128804841500e85e373",
        "type": "github"
      },
      "original": {
        "owner": "NixOS",
        "ref": "nixpkgs-unstable",
        "repo": "nixpkgs",
        "type": "github"
      }
    },
    "nixpkgs_2": {
      "locked": {
        "lastModified": 1707092692,
        "narHash": "sha256-ZbHsm+mGk/izkWtT4xwwqz38fdlwu7nUUKXTOmm4SyE=",
        "owner": "nixos",
        "repo": "nixpkgs",
        "rev": "faf912b086576fd1a15fca610166c98d47bc667e",
        "type": "github"
      },
      "original": {
        "owner": "nixos",
        "ref": "nixos-unstable",
        "repo": "nixpkgs",
        "type": "github"
      }
    },
    "root": {
      "inputs": {
        "home-manager": "home-manager",
        "kmonad": "kmonad",
        "nix-index-database": "nix-index-database",
        "nixpkgs": "nixpkgs_2"
      }
    }
  },
  "root": "root",
  "version": 7
}
