{
  "nodes": {
    "home-manager": {
      "inputs": {
        "nixpkgs": [
          "nixpkgs"
        ]
      },
      "locked": {
        "lastModified": 1750798083,
        "narHash": "sha256-DTCCcp6WCFaYXWKFRA6fiI2zlvOLCf5Vwx8+/0R8Wc4=",
        "owner": "nix-community",
        "repo": "home-manager",
        "rev": "ff31a4677c1a8ae506aa7e003a3dba08cb203f82",
        "type": "github"
      },
      "original": {
        "owner": "nix-community",
        "repo": "home-manager",
        "type": "github"
      }
    },
    "master": {
      "locked": {
        "lastModified": 1750944287,
        "narHash": "sha256-NrRYiLXc+cMTteI7i37KwViqH0YAOUt+C5jfeRg8qmQ=",
        "owner": "nixos",
        "repo": "nixpkgs",
        "rev": "0d36547deb33d32f05add583384ae5858dadb464",
        "type": "github"
      },
      "original": {
        "owner": "nixos",
        "ref": "master",
        "repo": "nixpkgs",
        "type": "github"
      }
    },
    "nix-index-database": {
      "inputs": {
        "nixpkgs": [
          "nixpkgs"
        ]
      },
      "locked": {
        "lastModified": 1750565152,
        "narHash": "sha256-A6ZIoIgaPPkzIVxKuaxwEJicPOeTwC/MD9iuC3FVhDM=",
        "owner": "Mic92",
        "repo": "nix-index-database",
        "rev": "78cd697acc2e492b4e92822a4913ffad279c20e6",
        "type": "github"
      },
      "original": {
        "owner": "Mic92",
        "repo": "nix-index-database",
        "type": "github"
      }
    },
    "nixpkgs": {
      "locked": {
        "lastModified": 1750776420,
        "narHash": "sha256-/CG+w0o0oJ5itVklOoLbdn2dGB0wbZVOoDm4np6w09A=",
        "owner": "nixos",
        "repo": "nixpkgs",
        "rev": "30a61f056ac492e3b7cdcb69c1e6abdcf00e39cf",
        "type": "github"
      },
      "original": {
        "owner": "nixos",
        "ref": "nixos-unstable",
        "repo": "nixpkgs",
        "type": "github"
      }
    },
    "root": {
      "inputs": {
        "home-manager": "home-manager",
        "master": "master",
        "nix-index-database": "nix-index-database",
        "nixpkgs": "nixpkgs",
        "stable": "stable"
      }
    },
    "stable": {
      "locked": {
        "lastModified": 1750838302,
        "narHash": "sha256-aVkL3/yu50oQzi2YuKo0ceiCypVZpZXYd2P2p1FMJM4=",
        "owner": "nixos",
        "repo": "nixpkgs",
        "rev": "7284e2decc982b81a296ab35aa46e804baaa1cfe",
        "type": "github"
      },
      "original": {
        "owner": "nixos",
        "ref": "nixos-25.05",
        "repo": "nixpkgs",
        "type": "github"
      }
    }
  },
  "root": "root",
  "version": 7
}
